
Microsoft Visual Studio Solution File, Format Version 12.00
# Visual Studio Version 17
VisualStudioVersion = 17.14.36414.22
MinimumVisualStudioVersion = 10.0.40219.1
Project("{2150E333-8FDC-42A3-9474-1A3956D46DE8}") = "src", "src", "{02EA681E-C7D8-13C7-8484-4AC65E1B71E8}"
EndProject
Project("{2150E333-8FDC-42A3-9474-1A3956D46DE8}") = "Services", "Services", "{D35DB3F8-24D3-4A16-AB91-78C469D9FF46}"
EndProject
Project("{2150E333-8FDC-42A3-9474-1A3956D46DE8}") = "docs", "docs", "{40FAF3D8-386B-4685-A4B0-D42B12A7C4BA}"
	ProjectSection(SolutionItems) = preProject
		microservices-structure.md = microservices-structure.md
	EndProjectSection
EndProject
Project("{FAE04EC0-301F-11D3-BF4B-00C04F79EFBC}") = "SnapShop.Products.API", "SnapShop.Products.API\SnapShop.Products.API.csproj", "{3E2DEDEB-E58C-4B2E-827F-E3AB031B6BD7}"
EndProject
Global
	GlobalSection(SolutionConfigurationPlatforms) = preSolution
		Debug|Any CPU = Debug|Any CPU
		Release|Any CPU = Release|Any CPU
	EndGlobalSection
	GlobalSection(ProjectConfigurationPlatforms) = postSolution
		{3E2DEDEB-E58C-4B2E-827F-E3AB031B6BD7}.Debug|Any CPU.ActiveCfg = Debug|Any CPU
		{3E2DEDEB-E58C-4B2E-827F-E3AB031B6BD7}.Debug|Any CPU.Build.0 = Debug|Any CPU
		{3E2DEDEB-E58C-4B2E-827F-E3AB031B6BD7}.Release|Any CPU.ActiveCfg = Release|Any CPU
		{3E2DEDEB-E58C-4B2E-827F-E3AB031B6BD7}.Release|Any CPU.Build.0 = Release|Any CPU
	EndGlobalSection
	GlobalSection(SolutionProperties) = preSolution
		HideSolutionNode = FALSE
	EndGlobalSection
	GlobalSection(NestedProjects) = preSolution
		{D35DB3F8-24D3-4A16-AB91-78C469D9FF46} = {02EA681E-C7D8-13C7-8484-4AC65E1B71E8}
		{3E2DEDEB-E58C-4B2E-827F-E3AB031B6BD7} = {D35DB3F8-24D3-4A16-AB91-78C469D9FF46}
	EndGlobalSection
	GlobalSection(ExtensibilityGlobals) = postSolution
		SolutionGuid = {39C4D767-4A75-4723-84FF-B5C357223842}
	EndGlobalSection
EndGlobal
