
Microsoft Visual Studio Solution File, Format Version 12.00
# Visual Studio Version 17
VisualStudioVersion = 17.14.36414.22 d17.14
MinimumVisualStudioVersion = 10.0.40219.1
Project("{2150E333-8FDC-42A3-9474-1A3956D46DE8}") = "src", "src", "{02EA681E-C7D8-13C7-8484-4AC65E1B71E8}"
EndProject
Project("{2150E333-8FDC-42A3-9474-1A3956D46DE8}") = "Services", "Services", "{D35DB3F8-24D3-4A16-AB91-78C469D9FF46}"
EndProject
Project("{FAE04EC0-301F-11D3-BF4B-00C04F79EFBC}") = "SnapShop.Product.API", "SnapShop.Product.API\SnapShop.Product.API.csproj", "{575CB7C9-AFE1-4806-BB2E-A1442B5F4375}"
EndProject
Global
	GlobalSection(SolutionConfigurationPlatforms) = preSolution
		Debug|Any CPU = Debug|Any CPU
		Release|Any CPU = Release|Any CPU
	EndGlobalSection
	GlobalSection(ProjectConfigurationPlatforms) = postSolution
		{575CB7C9-AFE1-4806-BB2E-A1442B5F4375}.Debug|Any CPU.ActiveCfg = Debug|Any CPU
		{575CB7C9-AFE1-4806-BB2E-A1442B5F4375}.Debug|Any CPU.Build.0 = Debug|Any CPU
		{575CB7C9-AFE1-4806-BB2E-A1442B5F4375}.Release|Any CPU.ActiveCfg = Release|Any CPU
		{575CB7C9-AFE1-4806-BB2E-A1442B5F4375}.Release|Any CPU.Build.0 = Release|Any CPU
	EndGlobalSection
	GlobalSection(SolutionProperties) = preSolution
		HideSolutionNode = FALSE
	EndGlobalSection
	GlobalSection(NestedProjects) = preSolution
		{D35DB3F8-24D3-4A16-AB91-78C469D9FF46} = {02EA681E-C7D8-13C7-8484-4AC65E1B71E8}
		{575CB7C9-AFE1-4806-BB2E-A1442B5F4375} = {D35DB3F8-24D3-4A16-AB91-78C469D9FF46}
	EndGlobalSection
	GlobalSection(ExtensibilityGlobals) = postSolution
		SolutionGuid = {39C4D767-4A75-4723-84FF-B5C357223842}
	EndGlobalSection
EndGlobal
